// !$*UTF8*$!
{
	archiveVersion = 1;
	classes = {
	};
	objectVersion = 50;
	objects = {

/* Begin PBXBuildFile section */
		5B8DDF3826479ED700035553 /* Assets.xcassets in Resources */ = {isa = PBXBuildFile; fileRef = 5B8DDF3726479ED700035553 /* Assets.xcassets */; };
		5B8DDF3F26479ED800035553 /* GameMsg MessagesExtension.appex in Embed App Extensions */ = {isa = PBXBuildFile; fileRef = 5B8DDF3E26479ED800035553 /* GameMsg MessagesExtension.appex */; settings = {ATTRIBUTES = (RemoveHeadersOnCopy, ); }; };
		5B8DDF4426479ED800035553 /* Messages.framework in Frameworks */ = {isa = PBXBuildFile; fileRef = 5B8DDF4326479ED800035553 /* Messages.framework */; };
		5B8DDF4726479ED800035553 /* MessagesViewController.swift in Sources */ = {isa = PBXBuildFile; fileRef = 5B8DDF4626479ED800035553 /* MessagesViewController.swift */; };
		5B8DDF4A26479ED800035553 /* MainInterface.storyboard in Resources */ = {isa = PBXBuildFile; fileRef = 5B8DDF4826479ED800035553 /* MainInterface.storyboard */; };
		5B8DDF4C26479ED800035553 /* Assets.xcassets in Resources */ = {isa = PBXBuildFile; fileRef = 5B8DDF4B26479ED800035553 /* Assets.xcassets */; };
/* End PBXBuildFile section */

/* Begin PBXContainerItemProxy section */
		5B8DDF4026479ED800035553 /* PBXContainerItemProxy */ = {
			isa = PBXContainerItemProxy;
			containerPortal = 5B8DDF2E26479ED600035553 /* Project object */;
			proxyType = 1;
			remoteGlobalIDString = 5B8DDF3D26479ED800035553;
			remoteInfo = "GameMsg MessagesExtension";
		};
/* End PBXContainerItemProxy section */

/* Begin PBXCopyFilesBuildPhase section */
		5B8DDF5326479ED800035553 /* Embed App Extensions */ = {
			isa = PBXCopyFilesBuildPhase;
			buildActionMask = 2147483647;
			dstPath = "";
			dstSubfolderSpec = 13;
			files = (
				5B8DDF3F26479ED800035553 /* GameMsg MessagesExtension.appex in Embed App Extensions */,
			);
			name = "Embed App Extensions";
			runOnlyForDeploymentPostprocessing = 0;
		};
/* End PBXCopyFilesBuildPhase section */

/* Begin PBXFileReference section */
		5B8DDF3426479ED600035553 /* GameMsg.app */ = {isa = PBXFileReference; explicitFileType = wrapper.application; includeInIndex = 0; path = GameMsg.app; sourceTree = BUILT_PRODUCTS_DIR; };
		5B8DDF3726479ED700035553 /* Assets.xcassets */ = {isa = PBXFileReference; lastKnownFileType = folder.assetcatalog; path = Assets.xcassets; sourceTree = "<group>"; };
		5B8DDF3926479ED700035553 /* Info.plist */ = {isa = PBXFileReference; lastKnownFileType = text.plist.xml; path = Info.plist; sourceTree = "<group>"; };
		5B8DDF3E26479ED800035553 /* GameMsg MessagesExtension.appex */ = {isa = PBXFileReference; explicitFileType = "wrapper.app-extension"; includeInIndex = 0; path = "GameMsg MessagesExtension.appex"; sourceTree = BUILT_PRODUCTS_DIR; };
		5B8DDF4326479ED800035553 /* Messages.framework */ = {isa = PBXFileReference; lastKnownFileType = wrapper.framework; name = Messages.framework; path = System/Library/Frameworks/Messages.framework; sourceTree = SDKROOT; };
		5B8DDF4626479ED800035553 /* MessagesViewController.swift */ = {isa = PBXFileReference; lastKnownFileType = sourcecode.swift; path = MessagesViewController.swift; sourceTree = "<group>"; };
		5B8DDF4926479ED800035553 /* Base */ = {isa = PBXFileReference; lastKnownFileType = file.storyboard; name = Base; path = Base.lproj/MainInterface.storyboard; sourceTree = "<group>"; };
		5B8DDF4B26479ED800035553 /* Assets.xcassets */ = {isa = PBXFileReference; lastKnownFileType = folder.assetcatalog; path = Assets.xcassets; sourceTree = "<group>"; };
		5B8DDF4D26479ED800035553 /* Info.plist */ = {isa = PBXFileReference; lastKnownFileType = text.plist.xml; path = Info.plist; sourceTree = "<group>"; };
/* End PBXFileReference section */

/* Begin PBXFrameworksBuildPhase section */
		5B8DDF3B26479ED800035553 /* Frameworks */ = {
			isa = PBXFrameworksBuildPhase;
			buildActionMask = 2147483647;
			files = (
				5B8DDF4426479ED800035553 /* Messages.framework in Frameworks */,
			);
			runOnlyForDeploymentPostprocessing = 0;
		};
/* End PBXFrameworksBuildPhase section */

/* Begin PBXGroup section */
		5B8DDF2D26479ED600035553 = {
			isa = PBXGroup;
			children = (
				5B8DDF3626479ED600035553 /* GameMsg */,
				5B8DDF4526479ED800035553 /* GameMsg MessagesExtension */,
				5B8DDF4226479ED800035553 /* Frameworks */,
				5B8DDF3526479ED600035553 /* Products */,
			);
			sourceTree = "<group>";
		};
		5B8DDF3526479ED600035553 /* Products */ = {
			isa = PBXGroup;
			children = (
				5B8DDF3426479ED600035553 /* GameMsg.app */,
				5B8DDF3E26479ED800035553 /* GameMsg MessagesExtension.appex */,
			);
			name = Products;
			sourceTree = "<group>";
		};
		5B8DDF3626479ED600035553 /* GameMsg */ = {
			isa = PBXGroup;
			children = (
				5B8DDF3726479ED700035553 /* Assets.xcassets */,
				5B8DDF3926479ED700035553 /* Info.plist */,
			);
			path = GameMsg;
			sourceTree = "<group>";
		};
		5B8DDF4226479ED800035553 /* Frameworks */ = {
			isa = PBXGroup;
			children = (
				5B8DDF4326479ED800035553 /* Messages.framework */,
			);
			name = Frameworks;
			sourceTree = "<group>";
		};
		5B8DDF4526479ED800035553 /* GameMsg MessagesExtension */ = {
			isa = PBXGroup;
			children = (
				5B8DDF4626479ED800035553 /* MessagesViewController.swift */,
				5B8DDF4826479ED800035553 /* MainInterface.storyboard */,
				5B8DDF4B26479ED800035553 /* Assets.xcassets */,
				5B8DDF4D26479ED800035553 /* Info.plist */,
			);
			path = "GameMsg MessagesExtension";
			sourceTree = "<group>";
		};
/* End PBXGroup section */

/* Begin PBXNativeTarget section */
		5B8DDF3326479ED600035553 /* GameMsg */ = {
			isa = PBXNativeTarget;
			buildConfigurationList = 5B8DDF5426479ED800035553 /* Build configuration list for PBXNativeTarget "GameMsg" */;
			buildPhases = (
				5B8DDF3226479ED600035553 /* Resources */,
				5B8DDF5326479ED800035553 /* Embed App Extensions */,
			);
			buildRules = (
			);
			dependencies = (
				5B8DDF4126479ED800035553 /* PBXTargetDependency */,
			);
			name = GameMsg;
			productName = GameMsg;
			productReference = 5B8DDF3426479ED600035553 /* GameMsg.app */;
			productType = "com.apple.product-type.application.messages";
		};
		5B8DDF3D26479ED800035553 /* GameMsg MessagesExtension */ = {
			isa = PBXNativeTarget;
			buildConfigurationList = 5B8DDF5026479ED800035553 /* Build configuration list for PBXNativeTarget "GameMsg MessagesExtension" */;
			buildPhases = (
				5B8DDF3A26479ED800035553 /* Sources */,
				5B8DDF3B26479ED800035553 /* Frameworks */,
				5B8DDF3C26479ED800035553 /* Resources */,
			);
			buildRules = (
			);
			dependencies = (
			);
			name = "GameMsg MessagesExtension";
			productName = "GameMsg MessagesExtension";
			productReference = 5B8DDF3E26479ED800035553 /* GameMsg MessagesExtension.appex */;
			productType = "com.apple.product-type.app-extension.messages";
		};
/* End PBXNativeTarget section */

/* Begin PBXProject section */
		5B8DDF2E26479ED600035553 /* Project object */ = {
			isa = PBXProject;
			attributes = {
				LastSwiftUpdateCheck = 1240;
				LastUpgradeCheck = 1240;
				TargetAttributes = {
					5B8DDF3326479ED600035553 = {
						CreatedOnToolsVersion = 12.4;
					};
					5B8DDF3D26479ED800035553 = {
						CreatedOnToolsVersion = 12.4;
					};
				};
			};
			buildConfigurationList = 5B8DDF3126479ED600035553 /* Build configuration list for PBXProject "GameMsg" */;
			compatibilityVersion = "Xcode 9.3";
			developmentRegion = en;
			hasScannedForEncodings = 0;
			knownRegions = (
				en,
				Base,
			);
			mainGroup = 5B8DDF2D26479ED600035553;
			productRefGroup = 5B8DDF3526479ED600035553 /* Products */;
			projectDirPath = "";
			projectRoot = "";
			targets = (
				5B8DDF3326479ED600035553 /* GameMsg */,
				5B8DDF3D26479ED800035553 /* GameMsg MessagesExtension */,
			);
		};
/* End PBXProject section */

/* Begin PBXResourcesBuildPhase section */
		5B8DDF3226479ED600035553 /* Resources */ = {
			isa = PBXResourcesBuildPhase;
			buildActionMask = 2147483647;
			files = (
				5B8DDF3826479ED700035553 /* Assets.xcassets in Resources */,
			);
			runOnlyForDeploymentPostprocessing = 0;
		};
		5B8DDF3C26479ED800035553 /* Resources */ = {
			isa = PBXResourcesBuildPhase;
			buildActionMask = 2147483647;
			files = (
				5B8DDF4C26479ED800035553 /* Assets.xcassets in Resources */,
				5B8DDF4A26479ED800035553 /* MainInterface.storyboard in Resources */,
			);
			runOnlyForDeploymentPostprocessing = 0;
		};
/* End PBXResourcesBuildPhase section */

/* Begin PBXSourcesBuildPhase section */
		5B8DDF3A26479ED800035553 /* Sources */ = {
			isa = PBXSourcesBuildPhase;
			buildActionMask = 2147483647;
			files = (
				5B8DDF4726479ED800035553 /* MessagesViewController.swift in Sources */,
			);
			runOnlyForDeploymentPostprocessing = 0;
		};
/* End PBXSourcesBuildPhase section */

/* Begin PBXTargetDependency section */
		5B8DDF4126479ED800035553 /* PBXTargetDependency */ = {
			isa = PBXTargetDependency;
			target = 5B8DDF3D26479ED800035553 /* GameMsg MessagesExtension */;
			targetProxy = 5B8DDF4026479ED800035553 /* PBXContainerItemProxy */;
		};
/* End PBXTargetDependency section */

/* Begin PBXVariantGroup section */
		5B8DDF4826479ED800035553 /* MainInterface.storyboard */ = {
			isa = PBXVariantGroup;
			children = (
				5B8DDF4926479ED800035553 /* Base */,
			);
			name = MainInterface.storyboard;
			sourceTree = "<group>";
		};
/* End PBXVariantGroup section */

/* Begin XCBuildConfiguration section */
		5B8DDF4E26479ED800035553 /* Debug */ = {
			isa = XCBuildConfiguration;
			buildSettings = {
				ALWAYS_SEARCH_USER_PATHS = NO;
				CLANG_ANALYZER_NONNULL = YES;
				CLANG_ANALYZER_NUMBER_OBJECT_CONVERSION = YES_AGGRESSIVE;
				CLANG_CXX_LANGUAGE_STANDARD = "gnu++14";
				CLANG_CXX_LIBRARY = "libc++";
				CLANG_ENABLE_MODULES = YES;
				CLANG_ENABLE_OBJC_ARC = YES;
				CLANG_ENABLE_OBJC_WEAK = YES;
				CLANG_WARN_BLOCK_CAPTURE_AUTORELEASING = YES;
				CLANG_WARN_BOOL_CONVERSION = YES;
				CLANG_WARN_COMMA = YES;
				CLANG_WARN_CONSTANT_CONVERSION = YES;
				CLANG_WARN_DEPRECATED_OBJC_IMPLEMENTATIONS = YES;
				CLANG_WARN_DIRECT_OBJC_ISA_USAGE = YES_ERROR;
				CLANG_WARN_DOCUMENTATION_COMMENTS = YES;
				CLANG_WARN_EMPTY_BODY = YES;
				CLANG_WARN_ENUM_CONVERSION = YES;
				CLANG_WARN_INFINITE_RECURSION = YES;
				CLANG_WARN_INT_CONVERSION = YES;
				CLANG_WARN_NON_LITERAL_NULL_CONVERSION = YES;
				CLANG_WARN_OBJC_IMPLICIT_RETAIN_SELF = YES;
				CLANG_WARN_OBJC_LITERAL_CONVERSION = YES;
				CLANG_WARN_OBJC_ROOT_CLASS = YES_ERROR;
				CLANG_WARN_QUOTED_INCLUDE_IN_FRAMEWORK_HEADER = YES;
				CLANG_WARN_RANGE_LOOP_ANALYSIS = YES;
				CLANG_WARN_STRICT_PROTOTYPES = YES;
				CLANG_WARN_SUSPICIOUS_MOVE = YES;
				CLANG_WARN_UNGUARDED_AVAILABILITY = YES_AGGRESSIVE;
				CLANG_WARN_UNREACHABLE_CODE = YES;
				CLANG_WARN__DUPLICATE_METHOD_MATCH = YES;
				COPY_PHASE_STRIP = NO;
				DEBUG_INFORMATION_FORMAT = dwarf;
				ENABLE_STRICT_OBJC_MSGSEND = YES;
				ENABLE_TESTABILITY = YES;
				GCC_C_LANGUAGE_STANDARD = gnu11;
				GCC_DYNAMIC_NO_PIC = NO;
				GCC_NO_COMMON_BLOCKS = YES;
				GCC_OPTIMIZATION_LEVEL = 0;
				GCC_PREPROCESSOR_DEFINITIONS = (
					"DEBUG=1",
					"$(inherited)",
				);
				GCC_WARN_64_TO_32_BIT_CONVERSION = YES;
				GCC_WARN_ABOUT_RETURN_TYPE = YES_ERROR;
				GCC_WARN_UNDECLARED_SELECTOR = YES;
				GCC_WARN_UNINITIALIZED_AUTOS = YES_AGGRESSIVE;
				GCC_WARN_UNUSED_FUNCTION = YES;
				GCC_WARN_UNUSED_VARIABLE = YES;
				IPHONEOS_DEPLOYMENT_TARGET = 14.4;
				MTL_ENABLE_DEBUG_INFO = INCLUDE_SOURCE;
				MTL_FAST_MATH = YES;
				ONLY_ACTIVE_ARCH = YES;
				SDKROOT = iphoneos;
				SWIFT_ACTIVE_COMPILATION_CONDITIONS = DEBUG;
				SWIFT_OPTIMIZATION_LEVEL = "-Onone";
			};
			name = Debug;
		};
		5B8DDF4F26479ED800035553 /* Release */ = {
			isa = XCBuildConfiguration;
			buildSettings = {
				ALWAYS_SEARCH_USER_PATHS = NO;
				CLANG_ANALYZER_NONNULL = YES;
				CLANG_ANALYZER_NUMBER_OBJECT_CONVERSION = YES_AGGRESSIVE;
				CLANG_CXX_LANGUAGE_STANDARD = "gnu++14";
				CLANG_CXX_LIBRARY = "libc++";
				CLANG_ENABLE_MODULES = YES;
				CLANG_ENABLE_OBJC_ARC = YES;
				CLANG_ENABLE_OBJC_WEAK = YES;
				CLANG_WARN_BLOCK_CAPTURE_AUTORELEASING = YES;
				CLANG_WARN_BOOL_CONVERSION = YES;
				CLANG_WARN_COMMA = YES;
				CLANG_WARN_CONSTANT_CONVERSION = YES;
				CLANG_WARN_DEPRECATED_OBJC_IMPLEMENTATIONS = YES;
				CLANG_WARN_DIRECT_OBJC_ISA_USAGE = YES_ERROR;
				CLANG_WARN_DOCUMENTATION_COMMENTS = YES;
				CLANG_WARN_EMPTY_BODY = YES;
				CLANG_WARN_ENUM_CONVERSION = YES;
				CLANG_WARN_INFINITE_RECURSION = YES;
				CLANG_WARN_INT_CONVERSION = YES;
				CLANG_WARN_NON_LITERAL_NULL_CONVERSION = YES;
				CLANG_WARN_OBJC_IMPLICIT_RETAIN_SELF = YES;
				CLANG_WARN_OBJC_LITERAL_CONVERSION = YES;
				CLANG_WARN_OBJC_ROOT_CLASS = YES_ERROR;
				CLANG_WARN_QUOTED_INCLUDE_IN_FRAMEWORK_HEADER = YES;
				CLANG_WARN_RANGE_LOOP_ANALYSIS = YES;
				CLANG_WARN_STRICT_PROTOTYPES = YES;
				CLANG_WARN_SUSPICIOUS_MOVE = YES;
				CLANG_WARN_UNGUARDED_AVAILABILITY = YES_AGGRESSIVE;
				CLANG_WARN_UNREACHABLE_CODE = YES;
				CLANG_WARN__DUPLICATE_METHOD_MATCH = YES;
				COPY_PHASE_STRIP = NO;
				DEBUG_INFORMATION_FORMAT = "dwarf-with-dsym";
				ENABLE_NS_ASSERTIONS = NO;
				ENABLE_STRICT_OBJC_MSGSEND = YES;
				GCC_C_LANGUAGE_STANDARD = gnu11;
				GCC_NO_COMMON_BLOCKS = YES;
				GCC_WARN_64_TO_32_BIT_CONVERSION = YES;
				GCC_WARN_ABOUT_RETURN_TYPE = YES_ERROR;
				GCC_WARN_UNDECLARED_SELECTOR = YES;
				GCC_WARN_UNINITIALIZED_AUTOS = YES_AGGRESSIVE;
				GCC_WARN_UNUSED_FUNCTION = YES;
				GCC_WARN_UNUSED_VARIABLE = YES;
				IPHONEOS_DEPLOYMENT_TARGET = 14.4;
				MTL_ENABLE_DEBUG_INFO = NO;
				MTL_FAST_MATH = YES;
				SDKROOT = iphoneos;
				SWIFT_COMPILATION_MODE = wholemodule;
				SWIFT_OPTIMIZATION_LEVEL = "-O";
				VALIDATE_PRODUCT = YES;
			};
			name = Release;
		};
		5B8DDF5126479ED800035553 /* Debug */ = {
			isa = XCBuildConfiguration;
			buildSettings = {
				ASSETCATALOG_COMPILER_APPICON_NAME = "iMessage App Icon";
				CODE_SIGN_STYLE = Automatic;
				DEVELOPMENT_TEAM = 7B6A868M7K;
				INFOPLIST_FILE = "GameMsg MessagesExtension/Info.plist";
				LD_RUNPATH_SEARCH_PATHS = (
					"$(inherited)",
					"@executable_path/Frameworks",
					"@executable_path/../../Frameworks",
				);
				PRODUCT_BUNDLE_IDENTIFIER = com.RW.GameMsg.MessagesExtension;
				PRODUCT_NAME = "$(TARGET_NAME)";
				SKIP_INSTALL = YES;
				SWIFT_VERSION = 5.0;
				TARGETED_DEVICE_FAMILY = "1,2";
			};
			name = Debug;
		};
		5B8DDF5226479ED800035553 /* Release */ = {
			isa = XCBuildConfiguration;
			buildSettings = {
				ASSETCATALOG_COMPILER_APPICON_NAME = "iMessage App Icon";
				CODE_SIGN_STYLE = Automatic;
				DEVELOPMENT_TEAM = 7B6A868M7K;
				INFOPLIST_FILE = "GameMsg MessagesExtension/Info.plist";
				LD_RUNPATH_SEARCH_PATHS = (
					"$(inherited)",
					"@executable_path/Frameworks",
					"@executable_path/../../Frameworks",
				);
				PRODUCT_BUNDLE_IDENTIFIER = com.RW.GameMsg.MessagesExtension;
				PRODUCT_NAME = "$(TARGET_NAME)";
				SKIP_INSTALL = YES;
				SWIFT_VERSION = 5.0;
				TARGETED_DEVICE_FAMILY = "1,2";
			};
			name = Release;
		};
		5B8DDF5526479ED800035553 /* Debug */ = {
			isa = XCBuildConfiguration;
			buildSettings = {
				ALWAYS_EMBED_SWIFT_STANDARD_LIBRARIES = YES;
				ASSETCATALOG_COMPILER_APPICON_NAME = AppIcon;
				CODE_SIGN_STYLE = Automatic;
				DEVELOPMENT_TEAM = 7B6A868M7K;
				INFOPLIST_FILE = GameMsg/Info.plist;
				PRODUCT_BUNDLE_IDENTIFIER = com.RW.GameMsg;
				PRODUCT_NAME = "$(TARGET_NAME)";
				SWIFT_VERSION = 5.0;
				TARGETED_DEVICE_FAMILY = "1,2";
			};
			name = Debug;
		};
		5B8DDF5626479ED800035553 /* Release */ = {
			isa = XCBuildConfiguration;
			buildSettings = {
				ALWAYS_EMBED_SWIFT_STANDARD_LIBRARIES = YES;
				ASSETCATALOG_COMPILER_APPICON_NAME = AppIcon;
				CODE_SIGN_STYLE = Automatic;
				DEVELOPMENT_TEAM = 7B6A868M7K;
				INFOPLIST_FILE = GameMsg/Info.plist;
				PRODUCT_BUNDLE_IDENTIFIER = com.RW.GameMsg;
				PRODUCT_NAME = "$(TARGET_NAME)";
				SWIFT_VERSION = 5.0;
				TARGETED_DEVICE_FAMILY = "1,2";
			};
			name = Release;
		};
/* End XCBuildConfiguration section */

/* Begin XCConfigurationList section */
		5B8DDF3126479ED600035553 /* Build configuration list for PBXProject "GameMsg" */ = {
			isa = XCConfigurationList;
			buildConfigurations = (
				5B8DDF4E26479ED800035553 /* Debug */,
				5B8DDF4F26479ED800035553 /* Release */,
			);
			defaultConfigurationIsVisible = 0;
			defaultConfigurationName = Release;
		};
		5B8DDF5026479ED800035553 /* Build configuration list for PBXNativeTarget "GameMsg MessagesExtension" */ = {
			isa = XCConfigurationList;
			buildConfigurations = (
				5B8DDF5126479ED800035553 /* Debug */,
				5B8DDF5226479ED800035553 /* Release */,
			);
			defaultConfigurationIsVisible = 0;
			defaultConfigurationName = Release;
		};
		5B8DDF5426479ED800035553 /* Build configuration list for PBXNativeTarget "GameMsg" */ = {
			isa = XCConfigurationList;
			buildConfigurations = (
				5B8DDF5526479ED800035553 /* Debug */,
				5B8DDF5626479ED800035553 /* Release */,
			);
			defaultConfigurationIsVisible = 0;
			defaultConfigurationName = Release;
		};
/* End XCConfigurationList section */
	};
	rootObject = 5B8DDF2E26479ED600035553 /* Project object */;
}
